// !$*UTF8*$!
{
	archiveVersion = 1;
	classes = {
	};
	objectVersion = 46;
	objects = {

/* Begin PBXBuildFile section */
		AF26343D1C15772800651F09 /* XKTabBar.swift in Sources */ = {isa = PBXBuildFile; fileRef = AF26343C1C15772800651F09 /* XKTabBar.swift */; };
		AF3D0C0E1BF6C957003610A3 /* AppDelegate.swift in Sources */ = {isa = PBXBuildFile; fileRef = AF3D0C0D1BF6C957003610A3 /* AppDelegate.swift */; };
		AF3D0C101BF6C957003610A3 /* ViewController.swift in Sources */ = {isa = PBXBuildFile; fileRef = AF3D0C0F1BF6C957003610A3 /* ViewController.swift */; };
		AF3D0C151BF6C957003610A3 /* Assets.xcassets in Resources */ = {isa = PBXBuildFile; fileRef = AF3D0C141BF6C957003610A3 /* Assets.xcassets */; };
		AF3D0C181BF6C957003610A3 /* LaunchScreen.storyboard in Resources */ = {isa = PBXBuildFile; fileRef = AF3D0C161BF6C957003610A3 /* LaunchScreen.storyboard */; };
		AF3D0C241BF6CD4D003610A3 /* XKTabBarItem.swift in Sources */ = {isa = PBXBuildFile; fileRef = AF3D0C231BF6CD4D003610A3 /* XKTabBarItem.swift */; };
		AF91231D1CA4DB520097FF5C /* XKDetailViewController.swift in Sources */ = {isa = PBXBuildFile; fileRef = AF91231C1CA4DB520097FF5C /* XKDetailViewController.swift */; };
		AF91231F1CA4E74F0097FF5C /* XKMasterViewController.swift in Sources */ = {isa = PBXBuildFile; fileRef = AF91231E1CA4E74F0097FF5C /* XKMasterViewController.swift */; };
		AFBCFF621CA8CACF0093A366 /* XKTabbedSplitViewController.swift in Sources */ = {isa = PBXBuildFile; fileRef = AFBCFF611CA8CACF0093A366 /* XKTabbedSplitViewController.swift */; };
		AFCAE2551CA9279D00B3BE88 /* FatherTableViewController.swift in Sources */ = {isa = PBXBuildFile; fileRef = AFCAE2541CA9279D00B3BE88 /* FatherTableViewController.swift */; };
		AFCAE2571CA9291100B3BE88 /* TabbarVC1.swift in Sources */ = {isa = PBXBuildFile; fileRef = AFCAE2561CA9291100B3BE88 /* TabbarVC1.swift */; };
		AFCAE2591CA9294200B3BE88 /* TabBarVC2.swift in Sources */ = {isa = PBXBuildFile; fileRef = AFCAE2581CA9294200B3BE88 /* TabBarVC2.swift */; };
		AFCAE25B1CA9294D00B3BE88 /* TabBarVC3.swift in Sources */ = {isa = PBXBuildFile; fileRef = AFCAE25A1CA9294D00B3BE88 /* TabBarVC3.swift */; };
		AFCAE25D1CA9295800B3BE88 /* TabBarVC4.swift in Sources */ = {isa = PBXBuildFile; fileRef = AFCAE25C1CA9295800B3BE88 /* TabBarVC4.swift */; };
		AFE835451C12E99400BE0F04 /* XKTabBarItemCell.swift in Sources */ = {isa = PBXBuildFile; fileRef = AFE835441C12E99400BE0F04 /* XKTabBarItemCell.swift */; };
/* End PBXBuildFile section */

/* Begin PBXFileReference section */
		AF26343C1C15772800651F09 /* XKTabBar.swift */ = {isa = PBXFileReference; fileEncoding = 4; lastKnownFileType = sourcecode.swift; path = XKTabBar.swift; sourceTree = "<group>"; };
		AF3D0C0A1BF6C957003610A3 /* XKTabbedSplitViewController.app */ = {isa = PBXFileReference; explicitFileType = wrapper.application; includeInIndex = 0; path = XKTabbedSplitViewController.app; sourceTree = BUILT_PRODUCTS_DIR; };
		AF3D0C0D1BF6C957003610A3 /* AppDelegate.swift */ = {isa = PBXFileReference; lastKnownFileType = sourcecode.swift; path = AppDelegate.swift; sourceTree = "<group>"; };
		AF3D0C0F1BF6C957003610A3 /* ViewController.swift */ = {isa = PBXFileReference; lastKnownFileType = sourcecode.swift; path = ViewController.swift; sourceTree = "<group>"; };
		AF3D0C141BF6C957003610A3 /* Assets.xcassets */ = {isa = PBXFileReference; lastKnownFileType = folder.assetcatalog; path = Assets.xcassets; sourceTree = "<group>"; };
		AF3D0C171BF6C957003610A3 /* Base */ = {isa = PBXFileReference; lastKnownFileType = file.storyboard; name = Base; path = Base.lproj/LaunchScreen.storyboard; sourceTree = "<group>"; };
		AF3D0C191BF6C957003610A3 /* Info.plist */ = {isa = PBXFileReference; lastKnownFileType = text.plist.xml; path = Info.plist; sourceTree = "<group>"; };
		AF3D0C231BF6CD4D003610A3 /* XKTabBarItem.swift */ = {isa = PBXFileReference; fileEncoding = 4; lastKnownFileType = sourcecode.swift; path = XKTabBarItem.swift; sourceTree = "<group>"; };
		AF91231C1CA4DB520097FF5C /* XKDetailViewController.swift */ = {isa = PBXFileReference; fileEncoding = 4; lastKnownFileType = sourcecode.swift; path = XKDetailViewController.swift; sourceTree = "<group>"; };
		AF91231E1CA4E74F0097FF5C /* XKMasterViewController.swift */ = {isa = PBXFileReference; fileEncoding = 4; lastKnownFileType = sourcecode.swift; path = XKMasterViewController.swift; sourceTree = "<group>"; };
		AFBCFF611CA8CACF0093A366 /* XKTabbedSplitViewController.swift */ = {isa = PBXFileReference; fileEncoding = 4; lastKnownFileType = sourcecode.swift; path = XKTabbedSplitViewController.swift; sourceTree = "<group>"; };
		AFCAE2541CA9279D00B3BE88 /* FatherTableViewController.swift */ = {isa = PBXFileReference; fileEncoding = 4; lastKnownFileType = sourcecode.swift; path = FatherTableViewController.swift; sourceTree = "<group>"; };
		AFCAE2561CA9291100B3BE88 /* TabbarVC1.swift */ = {isa = PBXFileReference; fileEncoding = 4; lastKnownFileType = sourcecode.swift; path = TabbarVC1.swift; sourceTree = "<group>"; };
		AFCAE2581CA9294200B3BE88 /* TabBarVC2.swift */ = {isa = PBXFileReference; fileEncoding = 4; lastKnownFileType = sourcecode.swift; path = TabBarVC2.swift; sourceTree = "<group>"; };
		AFCAE25A1CA9294D00B3BE88 /* TabBarVC3.swift */ = {isa = PBXFileReference; fileEncoding = 4; lastKnownFileType = sourcecode.swift; path = TabBarVC3.swift; sourceTree = "<group>"; };
		AFCAE25C1CA9295800B3BE88 /* TabBarVC4.swift */ = {isa = PBXFileReference; fileEncoding = 4; lastKnownFileType = sourcecode.swift; path = TabBarVC4.swift; sourceTree = "<group>"; };
		AFE835441C12E99400BE0F04 /* XKTabBarItemCell.swift */ = {isa = PBXFileReference; fileEncoding = 4; lastKnownFileType = sourcecode.swift; path = XKTabBarItemCell.swift; sourceTree = "<group>"; };
/* End PBXFileReference section */

/* Begin PBXFrameworksBuildPhase section */
		AF3D0C071BF6C957003610A3 /* Frameworks */ = {
			isa = PBXFrameworksBuildPhase;
			buildActionMask = 2147483647;
			files = (
			);
			runOnlyForDeploymentPostprocessing = 0;
		};
/* End PBXFrameworksBuildPhase section */

/* Begin PBXGroup section */
		AF3D0C011BF6C957003610A3 = {
			isa = PBXGroup;
			children = (
				AF3D0C0C1BF6C957003610A3 /* XKTabbedSplitViewController */,
				AF3D0C0B1BF6C957003610A3 /* Products */,
			);
			sourceTree = "<group>";
		};
		AF3D0C0B1BF6C957003610A3 /* Products */ = {
			isa = PBXGroup;
			children = (
				AF3D0C0A1BF6C957003610A3 /* XKTabbedSplitViewController.app */,
			);
			name = Products;
			sourceTree = "<group>";
		};
		AF3D0C0C1BF6C957003610A3 /* XKTabbedSplitViewController */ = {
			isa = PBXGroup;
			children = (
				AF3D0C0D1BF6C957003610A3 /* AppDelegate.swift */,
				AF3D0C0F1BF6C957003610A3 /* ViewController.swift */,
				AFCAE2531CA9272700B3BE88 /* Tabs */,
				AF3D0C1F1BF6CCEC003610A3 /* XKTabbedSplitViewController */,
				AF3D0C141BF6C957003610A3 /* Assets.xcassets */,
				AF3D0C161BF6C957003610A3 /* LaunchScreen.storyboard */,
				AF3D0C191BF6C957003610A3 /* Info.plist */,
			);
			path = XKTabbedSplitViewController;
			sourceTree = "<group>";
		};
		AF3D0C1F1BF6CCEC003610A3 /* XKTabbedSplitViewController */ = {
			isa = PBXGroup;
			children = (
				AF91231B1CA4DB2F0097FF5C /* XKViewControllwe */,
				AF3D0C201BF6CD13003610A3 /* XKTabBar */,
				AFBCFF611CA8CACF0093A366 /* XKTabbedSplitViewController.swift */,
			);
			path = XKTabbedSplitViewController;
			sourceTree = "<group>";
		};
		AF3D0C201BF6CD13003610A3 /* XKTabBar */ = {
			isa = PBXGroup;
			children = (
				AF26343C1C15772800651F09 /* XKTabBar.swift */,
				AF3D0C231BF6CD4D003610A3 /* XKTabBarItem.swift */,
				AFE835441C12E99400BE0F04 /* XKTabBarItemCell.swift */,
			);
			path = XKTabBar;
			sourceTree = "<group>";
		};
		AF91231B1CA4DB2F0097FF5C /* XKViewControllwe */ = {
			isa = PBXGroup;
			children = (
				AF91231C1CA4DB520097FF5C /* XKDetailViewController.swift */,
				AF91231E1CA4E74F0097FF5C /* XKMasterViewController.swift */,
			);
			path = XKViewControllwe;
			sourceTree = "<group>";
		};
		AFCAE2531CA9272700B3BE88 /* Tabs */ = {
			isa = PBXGroup;
			children = (
				AFCAE2541CA9279D00B3BE88 /* FatherTableViewController.swift */,
				AFCAE2561CA9291100B3BE88 /* TabbarVC1.swift */,
				AFCAE2581CA9294200B3BE88 /* TabBarVC2.swift */,
				AFCAE25A1CA9294D00B3BE88 /* TabBarVC3.swift */,
				AFCAE25C1CA9295800B3BE88 /* TabBarVC4.swift */,
			);
			path = Tabs;
			sourceTree = "<group>";
		};
/* End PBXGroup section */

/* Begin PBXNativeTarget section */
		AF3D0C091BF6C957003610A3 /* XKTabbedSplitViewController */ = {
			isa = PBXNativeTarget;
			buildConfigurationList = AF3D0C1C1BF6C957003610A3 /* Build configuration list for PBXNativeTarget "XKTabbedSplitViewController" */;
			buildPhases = (
				AF3D0C061BF6C957003610A3 /* Sources */,
				AF3D0C071BF6C957003610A3 /* Frameworks */,
				AF3D0C081BF6C957003610A3 /* Resources */,
			);
			buildRules = (
			);
			dependencies = (
			);
			name = XKTabbedSplitViewController;
			productName = XKTabbedSplitViewController;
			productReference = AF3D0C0A1BF6C957003610A3 /* XKTabbedSplitViewController.app */;
			productType = "com.apple.product-type.application";
		};
/* End PBXNativeTarget section */

/* Begin PBXProject section */
		AF3D0C021BF6C957003610A3 /* Project object */ = {
			isa = PBXProject;
			attributes = {
				LastSwiftUpdateCheck = 0710;
				LastUpgradeCheck = 0710;
				ORGANIZATIONNAME = Safaride;
				TargetAttributes = {
					AF3D0C091BF6C957003610A3 = {
						CreatedOnToolsVersion = 7.1;
						DevelopmentTeam = E985ABNZE7;
					};
				};
			};
			buildConfigurationList = AF3D0C051BF6C957003610A3 /* Build configuration list for PBXProject "XKTabbedSplitViewController" */;
			compatibilityVersion = "Xcode 3.2";
			developmentRegion = English;
			hasScannedForEncodings = 0;
			knownRegions = (
				en,
				Base,
			);
			mainGroup = AF3D0C011BF6C957003610A3;
			productRefGroup = AF3D0C0B1BF6C957003610A3 /* Products */;
			projectDirPath = "";
			projectRoot = "";
			targets = (
				AF3D0C091BF6C957003610A3 /* XKTabbedSplitViewController */,
			);
		};
/* End PBXProject section */

/* Begin PBXResourcesBuildPhase section */
		AF3D0C081BF6C957003610A3 /* Resources */ = {
			isa = PBXResourcesBuildPhase;
			buildActionMask = 2147483647;
			files = (
				AF3D0C181BF6C957003610A3 /* LaunchScreen.storyboard in Resources */,
				AF3D0C151BF6C957003610A3 /* Assets.xcassets in Resources */,
			);
			runOnlyForDeploymentPostprocessing = 0;
		};
/* End PBXResourcesBuildPhase section */

/* Begin PBXSourcesBuildPhase section */
		AF3D0C061BF6C957003610A3 /* Sources */ = {
			isa = PBXSourcesBuildPhase;
			buildActionMask = 2147483647;
			files = (
				AFCAE2571CA9291100B3BE88 /* TabbarVC1.swift in Sources */,
				AF26343D1C15772800651F09 /* XKTabBar.swift in Sources */,
				AFCAE25B1CA9294D00B3BE88 /* TabBarVC3.swift in Sources */,
				AFCAE2591CA9294200B3BE88 /* TabBarVC2.swift in Sources */,
				AF3D0C241BF6CD4D003610A3 /* XKTabBarItem.swift in Sources */,
				AFCAE25D1CA9295800B3BE88 /* TabBarVC4.swift in Sources */,
				AF91231F1CA4E74F0097FF5C /* XKMasterViewController.swift in Sources */,
				AF91231D1CA4DB520097FF5C /* XKDetailViewController.swift in Sources */,
				AFBCFF621CA8CACF0093A366 /* XKTabbedSplitViewController.swift in Sources */,
				AFCAE2551CA9279D00B3BE88 /* FatherTableViewController.swift in Sources */,
				AF3D0C101BF6C957003610A3 /* ViewController.swift in Sources */,
				AF3D0C0E1BF6C957003610A3 /* AppDelegate.swift in Sources */,
				AFE835451C12E99400BE0F04 /* XKTabBarItemCell.swift in Sources */,
			);
			runOnlyForDeploymentPostprocessing = 0;
		};
/* End PBXSourcesBuildPhase section */

/* Begin PBXVariantGroup section */
		AF3D0C161BF6C957003610A3 /* LaunchScreen.storyboard */ = {
			isa = PBXVariantGroup;
			children = (
				AF3D0C171BF6C957003610A3 /* Base */,
			);
			name = LaunchScreen.storyboard;
			sourceTree = "<group>";
		};
/* End PBXVariantGroup section */

/* Begin XCBuildConfiguration section */
		AF3D0C1A1BF6C957003610A3 /* Debug */ = {
			isa = XCBuildConfiguration;
			buildSettings = {
				ALWAYS_SEARCH_USER_PATHS = NO;
				CLANG_CXX_LANGUAGE_STANDARD = "gnu++0x";
				CLANG_CXX_LIBRARY = "libc++";
				CLANG_ENABLE_MODULES = YES;
				CLANG_ENABLE_OBJC_ARC = YES;
				CLANG_WARN_BOOL_CONVERSION = YES;
				CLANG_WARN_CONSTANT_CONVERSION = YES;
				CLANG_WARN_DIRECT_OBJC_ISA_USAGE = YES_ERROR;
				CLANG_WARN_EMPTY_BODY = YES;
				CLANG_WARN_ENUM_CONVERSION = YES;
				CLANG_WARN_INT_CONVERSION = YES;
				CLANG_WARN_OBJC_ROOT_CLASS = YES_ERROR;
				CLANG_WARN_UNREACHABLE_CODE = YES;
				CLANG_WARN__DUPLICATE_METHOD_MATCH = YES;
				"CODE_SIGN_IDENTITY[sdk=iphoneos*]" = "iPhone Developer";
				COPY_PHASE_STRIP = NO;
				DEBUG_INFORMATION_FORMAT = dwarf;
				ENABLE_STRICT_OBJC_MSGSEND = YES;
				ENABLE_TESTABILITY = YES;
				GCC_C_LANGUAGE_STANDARD = gnu99;
				GCC_DYNAMIC_NO_PIC = NO;
				GCC_NO_COMMON_BLOCKS = YES;
				GCC_OPTIMIZATION_LEVEL = 0;
				GCC_PREPROCESSOR_DEFINITIONS = (
					"DEBUG=1",
					"$(inherited)",
				);
				GCC_WARN_64_TO_32_BIT_CONVERSION = YES;
				GCC_WARN_ABOUT_RETURN_TYPE = YES_ERROR;
				GCC_WARN_UNDECLARED_SELECTOR = YES;
				GCC_WARN_UNINITIALIZED_AUTOS = YES_AGGRESSIVE;
				GCC_WARN_UNUSED_FUNCTION = YES;
				GCC_WARN_UNUSED_VARIABLE = YES;
				IPHONEOS_DEPLOYMENT_TARGET = 9.1;
				MTL_ENABLE_DEBUG_INFO = YES;
				ONLY_ACTIVE_ARCH = YES;
				SDKROOT = iphoneos;
				SWIFT_OPTIMIZATION_LEVEL = "-Onone";
				TARGETED_DEVICE_FAMILY = 2;
			};
			name = Debug;
		};
		AF3D0C1B1BF6C957003610A3 /* Release */ = {
			isa = XCBuildConfiguration;
			buildSettings = {
				ALWAYS_SEARCH_USER_PATHS = NO;
				CLANG_CXX_LANGUAGE_STANDARD = "gnu++0x";
				CLANG_CXX_LIBRARY = "libc++";
				CLANG_ENABLE_MODULES = YES;
				CLANG_ENABLE_OBJC_ARC = YES;
				CLANG_WARN_BOOL_CONVERSION = YES;
				CLANG_WARN_CONSTANT_CONVERSION = YES;
				CLANG_WARN_DIRECT_OBJC_ISA_USAGE = YES_ERROR;
				CLANG_WARN_EMPTY_BODY = YES;
				CLANG_WARN_ENUM_CONVERSION = YES;
				CLANG_WARN_INT_CONVERSION = YES;
				CLANG_WARN_OBJC_ROOT_CLASS = YES_ERROR;
				CLANG_WARN_UNREACHABLE_CODE = YES;
				CLANG_WARN__DUPLICATE_METHOD_MATCH = YES;
				"CODE_SIGN_IDENTITY[sdk=iphoneos*]" = "iPhone Developer";
				COPY_PHASE_STRIP = NO;
				DEBUG_INFORMATION_FORMAT = "dwarf-with-dsym";
				ENABLE_NS_ASSERTIONS = NO;
				ENABLE_STRICT_OBJC_MSGSEND = YES;
				GCC_C_LANGUAGE_STANDARD = gnu99;
				GCC_NO_COMMON_BLOCKS = YES;
				GCC_WARN_64_TO_32_BIT_CONVERSION = YES;
				GCC_WARN_ABOUT_RETURN_TYPE = YES_ERROR;
				GCC_WARN_UNDECLARED_SELECTOR = YES;
				GCC_WARN_UNINITIALIZED_AUTOS = YES_AGGRESSIVE;
				GCC_WARN_UNUSED_FUNCTION = YES;
				GCC_WARN_UNUSED_VARIABLE = YES;
				IPHONEOS_DEPLOYMENT_TARGET = 9.1;
				MTL_ENABLE_DEBUG_INFO = NO;
				SDKROOT = iphoneos;
				TARGETED_DEVICE_FAMILY = 2;
				VALIDATE_PRODUCT = YES;
			};
			name = Release;
		};
		AF3D0C1D1BF6C957003610A3 /* Debug */ = {
			isa = XCBuildConfiguration;
			buildSettings = {
				ASSETCATALOG_COMPILER_APPICON_NAME = AppIcon;
				CODE_SIGN_IDENTITY = "iPhone Developer";
				"CODE_SIGN_IDENTITY[sdk=iphoneos*]" = "iPhone Developer";
				INFOPLIST_FILE = XKTabbedSplitViewController/Info.plist;
				IPHONEOS_DEPLOYMENT_TARGET = 9.0;
				LD_RUNPATH_SEARCH_PATHS = "$(inherited) @executable_path/Frameworks";
				PRODUCT_BUNDLE_IDENTIFIER = com.szltech.XKTabbedSplitViewController;
				PRODUCT_NAME = "$(TARGET_NAME)";
				PROVISIONING_PROFILE = "";
			};
			name = Debug;
		};
		AF3D0C1E1BF6C957003610A3 /* Release */ = {
			isa = XCBuildConfiguration;
			buildSettings = {
				ASSETCATALOG_COMPILER_APPICON_NAME = AppIcon;
				CODE_SIGN_IDENTITY = "iPhone Developer";
				"CODE_SIGN_IDENTITY[sdk=iphoneos*]" = "iPhone Developer";
				INFOPLIST_FILE = XKTabbedSplitViewController/Info.plist;
				IPHONEOS_DEPLOYMENT_TARGET = 9.0;
				LD_RUNPATH_SEARCH_PATHS = "$(inherited) @executable_path/Frameworks";
				PRODUCT_BUNDLE_IDENTIFIER = com.szltech.XKTabbedSplitViewController;
				PRODUCT_NAME = "$(TARGET_NAME)";
				PROVISIONING_PROFILE = "";
			};
			name = Release;
		};
/* End XCBuildConfiguration section */

/* Begin XCConfigurationList section */
		AF3D0C051BF6C957003610A3 /* Build configuration list for PBXProject "XKTabbedSplitViewController" */ = {
			isa = XCConfigurationList;
			buildConfigurations = (
				AF3D0C1A1BF6C957003610A3 /* Debug */,
				AF3D0C1B1BF6C957003610A3 /* Release */,
			);
			defaultConfigurationIsVisible = 0;
			defaultConfigurationName = Release;
		};
		AF3D0C1C1BF6C957003610A3 /* Build configuration list for PBXNativeTarget "XKTabbedSplitViewController" */ = {
			isa = XCConfigurationList;
			buildConfigurations = (
				AF3D0C1D1BF6C957003610A3 /* Debug */,
				AF3D0C1E1BF6C957003610A3 /* Release */,
			);
			defaultConfigurationIsVisible = 0;
			defaultConfigurationName = Release;
		};
/* End XCConfigurationList section */
	};
	rootObject = AF3D0C021BF6C957003610A3 /* Project object */;
}
